
Microsoft Visual Studio Solution File, Format Version 12.00
# Visual Studio Version 16
VisualStudioVersion = 16.0.31410.357
MinimumVisualStudioVersion = 10.0.40219.1
Project("{FAE04EC0-301F-11D3-BF4B-00C04F79EFBC}") = "ExportNeosToJson", "ExportNeosToJson\ExportNeosToJson.csproj", "{F2155FCD-8684-45CE-B5D0-AAF5BA27081A}"
EndProject
Global
	GlobalSection(SolutionConfigurationPlatforms) = preSolution
		Debug|Any CPU = Debug|Any CPU
		Release|Any CPU = Release|Any CPU
	EndGlobalSection
	GlobalSection(ProjectConfigurationPlatforms) = postSolution
		{F2155FCD-8684-45CE-B5D0-AAF5BA27081A}.Debug|Any CPU.ActiveCfg = Debug|Any CPU
		{F2155FCD-8684-45CE-B5D0-AAF5BA27081A}.Debug|Any CPU.Build.0 = Debug|Any CPU
		{F2155FCD-8684-45CE-B5D0-AAF5BA27081A}.Release|Any CPU.ActiveCfg = Release|Any CPU
		{F2155FCD-8684-45CE-B5D0-AAF5BA27081A}.Release|Any CPU.Build.0 = Release|Any CPU
	EndGlobalSection
	GlobalSection(SolutionProperties) = preSolution
		HideSolutionNode = FALSE
	EndGlobalSection
	GlobalSection(ExtensibilityGlobals) = postSolution
		SolutionGuid = {A8A16062-534B-45E6-AB32-60BCDE2D6D7C}
	EndGlobalSection
EndGlobal
